
Microsoft Visual Studio Solution File, Format Version 12.00
# Visual Studio Version 17
VisualStudioVersion = 17.7.34024.191
MinimumVisualStudioVersion = 10.0.40219.1
Project("{9A19103F-16F7-4668-BE54-9A1E7A4F7556}") = "Invoicing.AccessData", "Invoicing.AccessData\Invoicing.AccessData.csproj", "{234D9879-3AC1-4446-B8E8-02A942E6F10D}"
EndProject
Project("{FAE04EC0-301F-11D3-BF4B-00C04F79EFBC}") = "Invoicing.Api", "Invoicing.Api\Invoicing.Api.csproj", "{E0E1D7B6-4C8A-42FC-9D5A-57E39BE03C82}"
EndProject
Project("{FAE04EC0-301F-11D3-BF4B-00C04F79EFBC}") = "Invoicing.DTOObjects", "Invoicing.DTOObjects\Invoicing.DTOObjects.csproj", "{4D2BC5AE-202A-42CE-907E-9D932FBFFF45}"
EndProject
Global
	GlobalSection(SolutionConfigurationPlatforms) = preSolution
		Debug|Any CPU = Debug|Any CPU
		Release|Any CPU = Release|Any CPU
	EndGlobalSection
	GlobalSection(ProjectConfigurationPlatforms) = postSolution
		{234D9879-3AC1-4446-B8E8-02A942E6F10D}.Debug|Any CPU.ActiveCfg = Debug|Any CPU
		{234D9879-3AC1-4446-B8E8-02A942E6F10D}.Debug|Any CPU.Build.0 = Debug|Any CPU
		{234D9879-3AC1-4446-B8E8-02A942E6F10D}.Release|Any CPU.ActiveCfg = Release|Any CPU
		{234D9879-3AC1-4446-B8E8-02A942E6F10D}.Release|Any CPU.Build.0 = Release|Any CPU
		{E0E1D7B6-4C8A-42FC-9D5A-57E39BE03C82}.Debug|Any CPU.ActiveCfg = Debug|Any CPU
		{E0E1D7B6-4C8A-42FC-9D5A-57E39BE03C82}.Debug|Any CPU.Build.0 = Debug|Any CPU
		{E0E1D7B6-4C8A-42FC-9D5A-57E39BE03C82}.Release|Any CPU.ActiveCfg = Release|Any CPU
		{E0E1D7B6-4C8A-42FC-9D5A-57E39BE03C82}.Release|Any CPU.Build.0 = Release|Any CPU
		{4D2BC5AE-202A-42CE-907E-9D932FBFFF45}.Debug|Any CPU.ActiveCfg = Debug|Any CPU
		{4D2BC5AE-202A-42CE-907E-9D932FBFFF45}.Debug|Any CPU.Build.0 = Debug|Any CPU
		{4D2BC5AE-202A-42CE-907E-9D932FBFFF45}.Release|Any CPU.ActiveCfg = Release|Any CPU
		{4D2BC5AE-202A-42CE-907E-9D932FBFFF45}.Release|Any CPU.Build.0 = Release|Any CPU
	EndGlobalSection
	GlobalSection(SolutionProperties) = preSolution
		HideSolutionNode = FALSE
	EndGlobalSection
	GlobalSection(ExtensibilityGlobals) = postSolution
		SolutionGuid = {65920803-D1A6-4E86-8F98-DC5FB7B98316}
	EndGlobalSection
EndGlobal
